
Microsoft Visual Studio Solution File, Format Version 12.00
# Visual Studio 15
VisualStudioVersion = 15.0.26124.0
MinimumVisualStudioVersion = 15.0.26124.0
Project("{2150E333-8FDC-42A3-9474-1A3956D46DE8}") = "Solution Items", "Solution Items", "{D14998A5-4210-4096-B2E4-5677559E217F}"
	ProjectSection(SolutionItems) = preProject
		.editorconfig = .editorconfig
		.gitignore = .gitignore
	EndProjectSection
EndProject
Project("{2150E333-8FDC-42A3-9474-1A3956D46DE8}") = "src", "src", "{F8407B4F-305C-47C8-A6A4-DD9395A6799A}"
EndProject
Project("{FAE04EC0-301F-11D3-BF4B-00C04F79EFBC}") = "ScorecardApi", "src\ScorecardApi\ScorecardApi.csproj", "{708E997F-9AD3-4648-A23F-6C3E0E1BF5BE}"
EndProject
Project("{2150E333-8FDC-42A3-9474-1A3956D46DE8}") = "tests", "tests", "{236BF6B3-AEF2-4F63-8DF6-3DB90A7C3780}"
EndProject
Project("{FAE04EC0-301F-11D3-BF4B-00C04F79EFBC}") = "ScorecardApi.UnitTests", "tests\ScorecardApi.UnitTests\ScorecardApi.UnitTests.csproj", "{23A9D0DF-F4F8-4986-8337-66632FC93A3D}"
EndProject
Global
	GlobalSection(SolutionConfigurationPlatforms) = preSolution
		Debug|Any CPU = Debug|Any CPU
		Release|Any CPU = Release|Any CPU
	EndGlobalSection
	GlobalSection(ProjectConfigurationPlatforms) = postSolution
		{708E997F-9AD3-4648-A23F-6C3E0E1BF5BE}.Debug|Any CPU.ActiveCfg = Debug|Any CPU
		{708E997F-9AD3-4648-A23F-6C3E0E1BF5BE}.Debug|Any CPU.Build.0 = Debug|Any CPU
		{708E997F-9AD3-4648-A23F-6C3E0E1BF5BE}.Release|Any CPU.ActiveCfg = Release|Any CPU
		{708E997F-9AD3-4648-A23F-6C3E0E1BF5BE}.Release|Any CPU.Build.0 = Release|Any CPU
		{23A9D0DF-F4F8-4986-8337-66632FC93A3D}.Debug|Any CPU.ActiveCfg = Debug|Any CPU
		{23A9D0DF-F4F8-4986-8337-66632FC93A3D}.Debug|Any CPU.Build.0 = Debug|Any CPU
		{23A9D0DF-F4F8-4986-8337-66632FC93A3D}.Release|Any CPU.ActiveCfg = Release|Any CPU
		{23A9D0DF-F4F8-4986-8337-66632FC93A3D}.Release|Any CPU.Build.0 = Release|Any CPU
	EndGlobalSection
	GlobalSection(SolutionProperties) = preSolution
		HideSolutionNode = FALSE
	EndGlobalSection
	GlobalSection(NestedProjects) = preSolution
		{708E997F-9AD3-4648-A23F-6C3E0E1BF5BE} = {F8407B4F-305C-47C8-A6A4-DD9395A6799A}
		{23A9D0DF-F4F8-4986-8337-66632FC93A3D} = {236BF6B3-AEF2-4F63-8DF6-3DB90A7C3780}
	EndGlobalSection
	GlobalSection(ExtensibilityGlobals) = postSolution
		SolutionGuid = {69B3E8F1-7D26-4FC6-8389-BA46F9D0164F}
	EndGlobalSection
EndGlobal
